Microsoft Visual Studio Solution File, Format Version 11.00
# Visual Studio 2008

Project("{C8C849E0-F0D1-5336-8BDE-92B3CF74F647}") = "Yoohoo Cthulhu_Nancy", "Assembly-CSharp.csproj", "{9EC70498-3B3B-5A4A-DC99-EDBD1CAB58B9}"
EndProject
Global
	GlobalSection(SolutionConfigurationPlatforms) = preSolution
		Debug|Any CPU = Debug|Any CPU
		Release|Any CPU = Release|Any CPU
	EndGlobalSection
	GlobalSection(ProjectConfigurationPlatforms) = postSolution
		{9EC70498-3B3B-5A4A-DC99-EDBD1CAB58B9}.Debug|Any CPU.ActiveCfg = Debug|Any CPU
		{9EC70498-3B3B-5A4A-DC99-EDBD1CAB58B9}.Debug|Any CPU.Build.0 = Debug|Any CPU
		{9EC70498-3B3B-5A4A-DC99-EDBD1CAB58B9}.Release|Any CPU.ActiveCfg = Release|Any CPU
		{9EC70498-3B3B-5A4A-DC99-EDBD1CAB58B9}.Release|Any CPU.Build.0 = Release|Any CPU
	EndGlobalSection
	GlobalSection(SolutionProperties) = preSolution
		HideSolutionNode = FALSE
	EndGlobalSection
	GlobalSection(MonoDevelopProperties) = preSolution
		StartupItem = Assembly-CSharp.csproj
	EndGlobalSection
EndGlobal
